
Microsoft Visual Studio Solution File, Format Version 12.00
# Visual Studio Version 17
VisualStudioVersion = 17.9.34728.123
MinimumVisualStudioVersion = 10.0.40219.1
Project("{9A19103F-16F7-4668-BE54-9A1E7A4F7556}") = "DataViewer", "source\DataViewer\DataViewer.csproj", "{66F89232-E0B3-46A1-BA78-F93CF0B04584}"
EndProject
Project("{2150E333-8FDC-42A3-9474-1A3956D46DE8}") = "Solution", "Solution", "{4EF4FD98-A02C-4713-9F5B-CACEDF02C8DE}"
	ProjectSection(SolutionItems) = preProject
		.editorconfig = .editorconfig
		.gitignore = .gitignore
		LICENSE = LICENSE
		README.md = README.md
	EndProjectSection
EndProject
Project("{2150E333-8FDC-42A3-9474-1A3956D46DE8}") = "assets", "assets", "{9D4BDD7B-61EF-452C-9CAB-D56D5DED2E7E}"
	ProjectSection(SolutionItems) = preProject
		assets\100050027_Versuch 8Sb-Sp.0,05_0,068.txt = assets\100050027_Versuch 8Sb-Sp.0,05_0,068.txt
		assets\icons8-web-analytics-256.ico = assets\icons8-web-analytics-256.ico
	EndProjectSection
EndProject
Project("{9A19103F-16F7-4668-BE54-9A1E7A4F7556}") = "DataViewer.Core", "source\DataViewer.Core\DataViewer.Core.csproj", "{B5E9DAD7-4731-4D70-BC45-DD19C9D36A3D}"
EndProject
Project("{9A19103F-16F7-4668-BE54-9A1E7A4F7556}") = "DataViewer.Tests", "source\DataViewer.Tests\DataViewer.Tests.csproj", "{DBDD573E-C934-49C4-AB00-6F26C8B00D37}"
EndProject
Project("{C7167F0D-BC9F-4E6E-AFE1-012C56B48DB5}") = "DataViewer.Setup", "source\DataViewer.Setup\DataViewer.Setup.wapproj", "{CEFDD8E3-E57E-4859-9DF5-A30C0E8AB759}"
EndProject
Project("{2150E333-8FDC-42A3-9474-1A3956D46DE8}") = "workflows", "workflows", "{49B9C86A-C3FD-4ED9-B693-8D91C12F4823}"
	ProjectSection(SolutionItems) = preProject
		.github\workflows\dotnet-desktop.yml = .github\workflows\dotnet-desktop.yml
	EndProjectSection
EndProject
Global
	GlobalSection(SolutionConfigurationPlatforms) = preSolution
		Debug|Any CPU = Debug|Any CPU
		Debug|ARM = Debug|ARM
		Debug|ARM64 = Debug|ARM64
		Debug|x64 = Debug|x64
		Debug|x86 = Debug|x86
		Release|Any CPU = Release|Any CPU
		Release|ARM = Release|ARM
		Release|ARM64 = Release|ARM64
		Release|x64 = Release|x64
		Release|x86 = Release|x86
	EndGlobalSection
	GlobalSection(ProjectConfigurationPlatforms) = postSolution
		{66F89232-E0B3-46A1-BA78-F93CF0B04584}.Debug|Any CPU.ActiveCfg = Debug|Any CPU
		{66F89232-E0B3-46A1-BA78-F93CF0B04584}.Debug|Any CPU.Build.0 = Debug|Any CPU
		{66F89232-E0B3-46A1-BA78-F93CF0B04584}.Debug|ARM.ActiveCfg = Debug|Any CPU
		{66F89232-E0B3-46A1-BA78-F93CF0B04584}.Debug|ARM.Build.0 = Debug|Any CPU
		{66F89232-E0B3-46A1-BA78-F93CF0B04584}.Debug|ARM64.ActiveCfg = Debug|Any CPU
		{66F89232-E0B3-46A1-BA78-F93CF0B04584}.Debug|ARM64.Build.0 = Debug|Any CPU
		{66F89232-E0B3-46A1-BA78-F93CF0B04584}.Debug|x64.ActiveCfg = Debug|Any CPU
		{66F89232-E0B3-46A1-BA78-F93CF0B04584}.Debug|x64.Build.0 = Debug|Any CPU
		{66F89232-E0B3-46A1-BA78-F93CF0B04584}.Debug|x86.ActiveCfg = Debug|Any CPU
		{66F89232-E0B3-46A1-BA78-F93CF0B04584}.Debug|x86.Build.0 = Debug|Any CPU
		{66F89232-E0B3-46A1-BA78-F93CF0B04584}.Release|Any CPU.ActiveCfg = Release|Any CPU
		{66F89232-E0B3-46A1-BA78-F93CF0B04584}.Release|Any CPU.Build.0 = Release|Any CPU
		{66F89232-E0B3-46A1-BA78-F93CF0B04584}.Release|ARM.ActiveCfg = Release|Any CPU
		{66F89232-E0B3-46A1-BA78-F93CF0B04584}.Release|ARM.Build.0 = Release|Any CPU
		{66F89232-E0B3-46A1-BA78-F93CF0B04584}.Release|ARM64.ActiveCfg = Release|Any CPU
		{66F89232-E0B3-46A1-BA78-F93CF0B04584}.Release|ARM64.Build.0 = Release|Any CPU
		{66F89232-E0B3-46A1-BA78-F93CF0B04584}.Release|x64.ActiveCfg = Release|Any CPU
		{66F89232-E0B3-46A1-BA78-F93CF0B04584}.Release|x64.Build.0 = Release|Any CPU
		{66F89232-E0B3-46A1-BA78-F93CF0B04584}.Release|x86.ActiveCfg = Release|Any CPU
		{66F89232-E0B3-46A1-BA78-F93CF0B04584}.Release|x86.Build.0 = Release|Any CPU
		{B5E9DAD7-4731-4D70-BC45-DD19C9D36A3D}.Debug|Any CPU.ActiveCfg = Debug|Any CPU
		{B5E9DAD7-4731-4D70-BC45-DD19C9D36A3D}.Debug|Any CPU.Build.0 = Debug|Any CPU
		{B5E9DAD7-4731-4D70-BC45-DD19C9D36A3D}.Debug|ARM.ActiveCfg = Debug|Any CPU
		{B5E9DAD7-4731-4D70-BC45-DD19C9D36A3D}.Debug|ARM.Build.0 = Debug|Any CPU
		{B5E9DAD7-4731-4D70-BC45-DD19C9D36A3D}.Debug|ARM64.ActiveCfg = Debug|Any CPU
		{B5E9DAD7-4731-4D70-BC45-DD19C9D36A3D}.Debug|ARM64.Build.0 = Debug|Any CPU
		{B5E9DAD7-4731-4D70-BC45-DD19C9D36A3D}.Debug|x64.ActiveCfg = Debug|Any CPU
		{B5E9DAD7-4731-4D70-BC45-DD19C9D36A3D}.Debug|x64.Build.0 = Debug|Any CPU
		{B5E9DAD7-4731-4D70-BC45-DD19C9D36A3D}.Debug|x86.ActiveCfg = Debug|Any CPU
		{B5E9DAD7-4731-4D70-BC45-DD19C9D36A3D}.Debug|x86.Build.0 = Debug|Any CPU
		{B5E9DAD7-4731-4D70-BC45-DD19C9D36A3D}.Release|Any CPU.ActiveCfg = Release|Any CPU
		{B5E9DAD7-4731-4D70-BC45-DD19C9D36A3D}.Release|Any CPU.Build.0 = Release|Any CPU
		{B5E9DAD7-4731-4D70-BC45-DD19C9D36A3D}.Release|ARM.ActiveCfg = Release|Any CPU
		{B5E9DAD7-4731-4D70-BC45-DD19C9D36A3D}.Release|ARM.Build.0 = Release|Any CPU
		{B5E9DAD7-4731-4D70-BC45-DD19C9D36A3D}.Release|ARM64.ActiveCfg = Release|Any CPU
		{B5E9DAD7-4731-4D70-BC45-DD19C9D36A3D}.Release|ARM64.Build.0 = Release|Any CPU
		{B5E9DAD7-4731-4D70-BC45-DD19C9D36A3D}.Release|x64.ActiveCfg = Release|Any CPU
		{B5E9DAD7-4731-4D70-BC45-DD19C9D36A3D}.Release|x64.Build.0 = Release|Any CPU
		{B5E9DAD7-4731-4D70-BC45-DD19C9D36A3D}.Release|x86.ActiveCfg = Release|Any CPU
		{B5E9DAD7-4731-4D70-BC45-DD19C9D36A3D}.Release|x86.Build.0 = Release|Any CPU
		{DBDD573E-C934-49C4-AB00-6F26C8B00D37}.Debug|Any CPU.ActiveCfg = Debug|Any CPU
		{DBDD573E-C934-49C4-AB00-6F26C8B00D37}.Debug|Any CPU.Build.0 = Debug|Any CPU
		{DBDD573E-C934-49C4-AB00-6F26C8B00D37}.Debug|ARM.ActiveCfg = Debug|Any CPU
		{DBDD573E-C934-49C4-AB00-6F26C8B00D37}.Debug|ARM.Build.0 = Debug|Any CPU
		{DBDD573E-C934-49C4-AB00-6F26C8B00D37}.Debug|ARM64.ActiveCfg = Debug|Any CPU
		{DBDD573E-C934-49C4-AB00-6F26C8B00D37}.Debug|ARM64.Build.0 = Debug|Any CPU
		{DBDD573E-C934-49C4-AB00-6F26C8B00D37}.Debug|x64.ActiveCfg = Debug|Any CPU
		{DBDD573E-C934-49C4-AB00-6F26C8B00D37}.Debug|x64.Build.0 = Debug|Any CPU
		{DBDD573E-C934-49C4-AB00-6F26C8B00D37}.Debug|x86.ActiveCfg = Debug|Any CPU
		{DBDD573E-C934-49C4-AB00-6F26C8B00D37}.Debug|x86.Build.0 = Debug|Any CPU
		{DBDD573E-C934-49C4-AB00-6F26C8B00D37}.Release|Any CPU.ActiveCfg = Release|Any CPU
		{DBDD573E-C934-49C4-AB00-6F26C8B00D37}.Release|Any CPU.Build.0 = Release|Any CPU
		{DBDD573E-C934-49C4-AB00-6F26C8B00D37}.Release|ARM.ActiveCfg = Release|Any CPU
		{DBDD573E-C934-49C4-AB00-6F26C8B00D37}.Release|ARM.Build.0 = Release|Any CPU
		{DBDD573E-C934-49C4-AB00-6F26C8B00D37}.Release|ARM64.ActiveCfg = Release|Any CPU
		{DBDD573E-C934-49C4-AB00-6F26C8B00D37}.Release|ARM64.Build.0 = Release|Any CPU
		{DBDD573E-C934-49C4-AB00-6F26C8B00D37}.Release|x64.ActiveCfg = Release|Any CPU
		{DBDD573E-C934-49C4-AB00-6F26C8B00D37}.Release|x64.Build.0 = Release|Any CPU
		{DBDD573E-C934-49C4-AB00-6F26C8B00D37}.Release|x86.ActiveCfg = Release|Any CPU
		{DBDD573E-C934-49C4-AB00-6F26C8B00D37}.Release|x86.Build.0 = Release|Any CPU
		{CEFDD8E3-E57E-4859-9DF5-A30C0E8AB759}.Debug|Any CPU.ActiveCfg = Debug|Any CPU
		{CEFDD8E3-E57E-4859-9DF5-A30C0E8AB759}.Debug|Any CPU.Build.0 = Debug|Any CPU
		{CEFDD8E3-E57E-4859-9DF5-A30C0E8AB759}.Debug|Any CPU.Deploy.0 = Debug|Any CPU
		{CEFDD8E3-E57E-4859-9DF5-A30C0E8AB759}.Debug|ARM.ActiveCfg = Debug|ARM
		{CEFDD8E3-E57E-4859-9DF5-A30C0E8AB759}.Debug|ARM.Build.0 = Debug|ARM
		{CEFDD8E3-E57E-4859-9DF5-A30C0E8AB759}.Debug|ARM.Deploy.0 = Debug|ARM
		{CEFDD8E3-E57E-4859-9DF5-A30C0E8AB759}.Debug|ARM64.ActiveCfg = Debug|ARM64
		{CEFDD8E3-E57E-4859-9DF5-A30C0E8AB759}.Debug|ARM64.Build.0 = Debug|ARM64
		{CEFDD8E3-E57E-4859-9DF5-A30C0E8AB759}.Debug|ARM64.Deploy.0 = Debug|ARM64
		{CEFDD8E3-E57E-4859-9DF5-A30C0E8AB759}.Debug|x64.ActiveCfg = Debug|x64
		{CEFDD8E3-E57E-4859-9DF5-A30C0E8AB759}.Debug|x64.Build.0 = Debug|x64
		{CEFDD8E3-E57E-4859-9DF5-A30C0E8AB759}.Debug|x64.Deploy.0 = Debug|x64
		{CEFDD8E3-E57E-4859-9DF5-A30C0E8AB759}.Debug|x86.ActiveCfg = Debug|x86
		{CEFDD8E3-E57E-4859-9DF5-A30C0E8AB759}.Debug|x86.Build.0 = Debug|x86
		{CEFDD8E3-E57E-4859-9DF5-A30C0E8AB759}.Debug|x86.Deploy.0 = Debug|x86
		{CEFDD8E3-E57E-4859-9DF5-A30C0E8AB759}.Release|Any CPU.ActiveCfg = Release|Any CPU
		{CEFDD8E3-E57E-4859-9DF5-A30C0E8AB759}.Release|Any CPU.Build.0 = Release|Any CPU
		{CEFDD8E3-E57E-4859-9DF5-A30C0E8AB759}.Release|Any CPU.Deploy.0 = Release|Any CPU
		{CEFDD8E3-E57E-4859-9DF5-A30C0E8AB759}.Release|ARM.ActiveCfg = Release|ARM
		{CEFDD8E3-E57E-4859-9DF5-A30C0E8AB759}.Release|ARM.Build.0 = Release|ARM
		{CEFDD8E3-E57E-4859-9DF5-A30C0E8AB759}.Release|ARM.Deploy.0 = Release|ARM
		{CEFDD8E3-E57E-4859-9DF5-A30C0E8AB759}.Release|ARM64.ActiveCfg = Release|ARM64
		{CEFDD8E3-E57E-4859-9DF5-A30C0E8AB759}.Release|ARM64.Build.0 = Release|ARM64
		{CEFDD8E3-E57E-4859-9DF5-A30C0E8AB759}.Release|ARM64.Deploy.0 = Release|ARM64
		{CEFDD8E3-E57E-4859-9DF5-A30C0E8AB759}.Release|x64.ActiveCfg = Release|x64
		{CEFDD8E3-E57E-4859-9DF5-A30C0E8AB759}.Release|x64.Build.0 = Release|x64
		{CEFDD8E3-E57E-4859-9DF5-A30C0E8AB759}.Release|x64.Deploy.0 = Release|x64
		{CEFDD8E3-E57E-4859-9DF5-A30C0E8AB759}.Release|x86.ActiveCfg = Release|x86
		{CEFDD8E3-E57E-4859-9DF5-A30C0E8AB759}.Release|x86.Build.0 = Release|x86
		{CEFDD8E3-E57E-4859-9DF5-A30C0E8AB759}.Release|x86.Deploy.0 = Release|x86
	EndGlobalSection
	GlobalSection(SolutionProperties) = preSolution
		HideSolutionNode = FALSE
	EndGlobalSection
	GlobalSection(NestedProjects) = preSolution
		{9D4BDD7B-61EF-452C-9CAB-D56D5DED2E7E} = {4EF4FD98-A02C-4713-9F5B-CACEDF02C8DE}
		{49B9C86A-C3FD-4ED9-B693-8D91C12F4823} = {4EF4FD98-A02C-4713-9F5B-CACEDF02C8DE}
	EndGlobalSection
	GlobalSection(ExtensibilityGlobals) = postSolution
		SolutionGuid = {48AF9360-0257-4216-A9FB-B0FAEAEF5D13}
	EndGlobalSection
EndGlobal
